// !$*UTF8*$!
{
	archiveVersion = 1;
	classes = {
	};
	objectVersion = 50;
	objects = {

/* Begin PBXBuildFile section */
		E0CC6E4C2371146A0009C672 /* AppDelegate.swift in Sources */ = {isa = PBXBuildFile; fileRef = E0CC6E4B2371146A0009C672 /* AppDelegate.swift */; };
		E0CC6E4E2371146A0009C672 /* GameScene.sks in Resources */ = {isa = PBXBuildFile; fileRef = E0CC6E4D2371146A0009C672 /* GameScene.sks */; };
		E0CC6E502371146A0009C672 /* Actions.sks in Resources */ = {isa = PBXBuildFile; fileRef = E0CC6E4F2371146A0009C672 /* Actions.sks */; };
		E0CC6E522371146A0009C672 /* GameScene.swift in Sources */ = {isa = PBXBuildFile; fileRef = E0CC6E512371146A0009C672 /* GameScene.swift */; };
		E0CC6E542371146A0009C672 /* GameViewController.swift in Sources */ = {isa = PBXBuildFile; fileRef = E0CC6E532371146A0009C672 /* GameViewController.swift */; };
		E0CC6E572371146A0009C672 /* Main.storyboard in Resources */ = {isa = PBXBuildFile; fileRef = E0CC6E552371146A0009C672 /* Main.storyboard */; };
		E0CC6E592371146E0009C672 /* Assets.xcassets in Resources */ = {isa = PBXBuildFile; fileRef = E0CC6E582371146E0009C672 /* Assets.xcassets */; };
		E0CC6E5C2371146E0009C672 /* LaunchScreen.storyboard in Resources */ = {isa = PBXBuildFile; fileRef = E0CC6E5A2371146E0009C672 /* LaunchScreen.storyboard */; };
		E0CC6E65237116440009C672 /* sfx_swipe.caf in Resources */ = {isa = PBXBuildFile; fileRef = E0CC6E64237116440009C672 /* sfx_swipe.caf */; };
		E0CC6E67237116700009C672 /* assets.atlas in Resources */ = {isa = PBXBuildFile; fileRef = E0CC6E66237116700009C672 /* assets.atlas */; };
		E0CC6E69237117790009C672 /* MSButtonNode.swift in Sources */ = {isa = PBXBuildFile; fileRef = E0CC6E68237117790009C672 /* MSButtonNode.swift */; };
		E0CC6E6B2371EF680009C672 /* SushiPiece.swift in Sources */ = {isa = PBXBuildFile; fileRef = E0CC6E6A2371EF680009C672 /* SushiPiece.swift */; };
/* End PBXBuildFile section */

/* Begin PBXFileReference section */
		E0CC6E482371146A0009C672 /* SushiNeko.app */ = {isa = PBXFileReference; explicitFileType = wrapper.application; includeInIndex = 0; path = SushiNeko.app; sourceTree = BUILT_PRODUCTS_DIR; };
		E0CC6E4B2371146A0009C672 /* AppDelegate.swift */ = {isa = PBXFileReference; lastKnownFileType = sourcecode.swift; path = AppDelegate.swift; sourceTree = "<group>"; };
		E0CC6E4D2371146A0009C672 /* GameScene.sks */ = {isa = PBXFileReference; lastKnownFileType = file.sks; path = GameScene.sks; sourceTree = "<group>"; };
		E0CC6E4F2371146A0009C672 /* Actions.sks */ = {isa = PBXFileReference; lastKnownFileType = file.sks; path = Actions.sks; sourceTree = "<group>"; };
		E0CC6E512371146A0009C672 /* GameScene.swift */ = {isa = PBXFileReference; lastKnownFileType = sourcecode.swift; path = GameScene.swift; sourceTree = "<group>"; };
		E0CC6E532371146A0009C672 /* GameViewController.swift */ = {isa = PBXFileReference; lastKnownFileType = sourcecode.swift; path = GameViewController.swift; sourceTree = "<group>"; };
		E0CC6E562371146A0009C672 /* Base */ = {isa = PBXFileReference; lastKnownFileType = file.storyboard; name = Base; path = Base.lproj/Main.storyboard; sourceTree = "<group>"; };
		E0CC6E582371146E0009C672 /* Assets.xcassets */ = {isa = PBXFileReference; lastKnownFileType = folder.assetcatalog; path = Assets.xcassets; sourceTree = "<group>"; };
		E0CC6E5B2371146E0009C672 /* Base */ = {isa = PBXFileReference; lastKnownFileType = file.storyboard; name = Base; path = Base.lproj/LaunchScreen.storyboard; sourceTree = "<group>"; };
		E0CC6E5D2371146E0009C672 /* Info.plist */ = {isa = PBXFileReference; lastKnownFileType = text.plist.xml; path = Info.plist; sourceTree = "<group>"; };
		E0CC6E64237116440009C672 /* sfx_swipe.caf */ = {isa = PBXFileReference; lastKnownFileType = file; path = sfx_swipe.caf; sourceTree = "<group>"; };
		E0CC6E66237116700009C672 /* assets.atlas */ = {isa = PBXFileReference; lastKnownFileType = folder.skatlas; path = assets.atlas; sourceTree = "<group>"; };
		E0CC6E68237117790009C672 /* MSButtonNode.swift */ = {isa = PBXFileReference; lastKnownFileType = sourcecode.swift; path = MSButtonNode.swift; sourceTree = "<group>"; };
		E0CC6E6A2371EF680009C672 /* SushiPiece.swift */ = {isa = PBXFileReference; lastKnownFileType = sourcecode.swift; path = SushiPiece.swift; sourceTree = "<group>"; };
/* End PBXFileReference section */

/* Begin PBXFrameworksBuildPhase section */
		E0CC6E452371146A0009C672 /* Frameworks */ = {
			isa = PBXFrameworksBuildPhase;
			buildActionMask = 2147483647;
			files = (
			);
			runOnlyForDeploymentPostprocessing = 0;
		};
/* End PBXFrameworksBuildPhase section */

/* Begin PBXGroup section */
		E0CC6E3F2371146A0009C672 = {
			isa = PBXGroup;
			children = (
				E0CC6E4A2371146A0009C672 /* SushiNeko */,
				E0CC6E492371146A0009C672 /* Products */,
			);
			sourceTree = "<group>";
		};
		E0CC6E492371146A0009C672 /* Products */ = {
			isa = PBXGroup;
			children = (
				E0CC6E482371146A0009C672 /* SushiNeko.app */,
			);
			name = Products;
			sourceTree = "<group>";
		};
		E0CC6E4A2371146A0009C672 /* SushiNeko */ = {
			isa = PBXGroup;
			children = (
				E0CC6E6A2371EF680009C672 /* SushiPiece.swift */,
				E0CC6E63237116440009C672 /* SFX */,
				E0CC6E4B2371146A0009C672 /* AppDelegate.swift */,
				E0CC6E4D2371146A0009C672 /* GameScene.sks */,
				E0CC6E4F2371146A0009C672 /* Actions.sks */,
				E0CC6E512371146A0009C672 /* GameScene.swift */,
				E0CC6E532371146A0009C672 /* GameViewController.swift */,
				E0CC6E552371146A0009C672 /* Main.storyboard */,
				E0CC6E66237116700009C672 /* assets.atlas */,
				E0CC6E582371146E0009C672 /* Assets.xcassets */,
				E0CC6E5A2371146E0009C672 /* LaunchScreen.storyboard */,
				E0CC6E5D2371146E0009C672 /* Info.plist */,
				E0CC6E68237117790009C672 /* MSButtonNode.swift */,
			);
			path = SushiNeko;
			sourceTree = "<group>";
		};
		E0CC6E63237116440009C672 /* SFX */ = {
			isa = PBXGroup;
			children = (
				E0CC6E64237116440009C672 /* sfx_swipe.caf */,
			);
			path = SFX;
			sourceTree = "<group>";
		};
/* End PBXGroup section */

/* Begin PBXNativeTarget section */
		E0CC6E472371146A0009C672 /* SushiNeko */ = {
			isa = PBXNativeTarget;
			buildConfigurationList = E0CC6E602371146E0009C672 /* Build configuration list for PBXNativeTarget "SushiNeko" */;
			buildPhases = (
				E0CC6E442371146A0009C672 /* Sources */,
				E0CC6E452371146A0009C672 /* Frameworks */,
				E0CC6E462371146A0009C672 /* Resources */,
			);
			buildRules = (
			);
			dependencies = (
			);
			name = SushiNeko;
			productName = SushiNeko;
			productReference = E0CC6E482371146A0009C672 /* SushiNeko.app */;
			productType = "com.apple.product-type.application";
		};
/* End PBXNativeTarget section */

/* Begin PBXProject section */
		E0CC6E402371146A0009C672 /* Project object */ = {
			isa = PBXProject;
			attributes = {
				LastSwiftUpdateCheck = 1110;
				LastUpgradeCheck = 1110;
				ORGANIZATIONNAME = "Gonzalo Birrueta";
				TargetAttributes = {
					E0CC6E472371146A0009C672 = {
						CreatedOnToolsVersion = 11.1;
					};
				};
			};
			buildConfigurationList = E0CC6E432371146A0009C672 /* Build configuration list for PBXProject "SushiNeko" */;
			compatibilityVersion = "Xcode 9.3";
			developmentRegion = en;
			hasScannedForEncodings = 0;
			knownRegions = (
				en,
				Base,
			);
			mainGroup = E0CC6E3F2371146A0009C672;
			productRefGroup = E0CC6E492371146A0009C672 /* Products */;
			projectDirPath = "";
			projectRoot = "";
			targets = (
				E0CC6E472371146A0009C672 /* SushiNeko */,
			);
		};
/* End PBXProject section */

/* Begin PBXResourcesBuildPhase section */
		E0CC6E462371146A0009C672 /* Resources */ = {
			isa = PBXResourcesBuildPhase;
			buildActionMask = 2147483647;
			files = (
				E0CC6E572371146A0009C672 /* Main.storyboard in Resources */,
				E0CC6E65237116440009C672 /* sfx_swipe.caf in Resources */,
				E0CC6E4E2371146A0009C672 /* GameScene.sks in Resources */,
				E0CC6E67237116700009C672 /* assets.atlas in Resources */,
				E0CC6E592371146E0009C672 /* Assets.xcassets in Resources */,
				E0CC6E5C2371146E0009C672 /* LaunchScreen.storyboard in Resources */,
				E0CC6E502371146A0009C672 /* Actions.sks in Resources */,
			);
			runOnlyForDeploymentPostprocessing = 0;
		};
/* End PBXResourcesBuildPhase section */

/* Begin PBXSourcesBuildPhase section */
		E0CC6E442371146A0009C672 /* Sources */ = {
			isa = PBXSourcesBuildPhase;
			buildActionMask = 2147483647;
			files = (
				E0CC6E522371146A0009C672 /* GameScene.swift in Sources */,
				E0CC6E542371146A0009C672 /* GameViewController.swift in Sources */,
				E0CC6E4C2371146A0009C672 /* AppDelegate.swift in Sources */,
				E0CC6E6B2371EF680009C672 /* SushiPiece.swift in Sources */,
				E0CC6E69237117790009C672 /* MSButtonNode.swift in Sources */,
			);
			runOnlyForDeploymentPostprocessing = 0;
		};
/* End PBXSourcesBuildPhase section */

/* Begin PBXVariantGroup section */
		E0CC6E552371146A0009C672 /* Main.storyboard */ = {
			isa = PBXVariantGroup;
			children = (
				E0CC6E562371146A0009C672 /* Base */,
			);
			name = Main.storyboard;
			sourceTree = "<group>";
		};
		E0CC6E5A2371146E0009C672 /* LaunchScreen.storyboard */ = {
			isa = PBXVariantGroup;
			children = (
				E0CC6E5B2371146E0009C672 /* Base */,
			);
			name = LaunchScreen.storyboard;
			sourceTree = "<group>";
		};
/* End PBXVariantGroup section */

/* Begin XCBuildConfiguration section */
		E0CC6E5E2371146E0009C672 /* Debug */ = {
			isa = XCBuildConfiguration;
			buildSettings = {
				ALWAYS_SEARCH_USER_PATHS = NO;
				CLANG_ANALYZER_NONNULL = YES;
				CLANG_ANALYZER_NUMBER_OBJECT_CONVERSION = YES_AGGRESSIVE;
				CLANG_CXX_LANGUAGE_STANDARD = "gnu++14";
				CLANG_CXX_LIBRARY = "libc++";
				CLANG_ENABLE_MODULES = YES;
				CLANG_ENABLE_OBJC_ARC = YES;
				CLANG_ENABLE_OBJC_WEAK = YES;
				CLANG_WARN_BLOCK_CAPTURE_AUTORELEASING = YES;
				CLANG_WARN_BOOL_CONVERSION = YES;
				CLANG_WARN_COMMA = YES;
				CLANG_WARN_CONSTANT_CONVERSION = YES;
				CLANG_WARN_DEPRECATED_OBJC_IMPLEMENTATIONS = YES;
				CLANG_WARN_DIRECT_OBJC_ISA_USAGE = YES_ERROR;
				CLANG_WARN_DOCUMENTATION_COMMENTS = YES;
				CLANG_WARN_EMPTY_BODY = YES;
				CLANG_WARN_ENUM_CONVERSION = YES;
				CLANG_WARN_INFINITE_RECURSION = YES;
				CLANG_WARN_INT_CONVERSION = YES;
				CLANG_WARN_NON_LITERAL_NULL_CONVERSION = YES;
				CLANG_WARN_OBJC_IMPLICIT_RETAIN_SELF = YES;
				CLANG_WARN_OBJC_LITERAL_CONVERSION = YES;
				CLANG_WARN_OBJC_ROOT_CLASS = YES_ERROR;
				CLANG_WARN_RANGE_LOOP_ANALYSIS = YES;
				CLANG_WARN_STRICT_PROTOTYPES = YES;
				CLANG_WARN_SUSPICIOUS_MOVE = YES;
				CLANG_WARN_UNGUARDED_AVAILABILITY = YES_AGGRESSIVE;
				CLANG_WARN_UNREACHABLE_CODE = YES;
				CLANG_WARN__DUPLICATE_METHOD_MATCH = YES;
				COPY_PHASE_STRIP = NO;
				DEBUG_INFORMATION_FORMAT = dwarf;
				ENABLE_STRICT_OBJC_MSGSEND = YES;
				ENABLE_TESTABILITY = YES;
				GCC_C_LANGUAGE_STANDARD = gnu11;
				GCC_DYNAMIC_NO_PIC = NO;
				GCC_NO_COMMON_BLOCKS = YES;
				GCC_OPTIMIZATION_LEVEL = 0;
				GCC_PREPROCESSOR_DEFINITIONS = (
					"DEBUG=1",
					"$(inherited)",
				);
				GCC_WARN_64_TO_32_BIT_CONVERSION = YES;
				GCC_WARN_ABOUT_RETURN_TYPE = YES_ERROR;
				GCC_WARN_UNDECLARED_SELECTOR = YES;
				GCC_WARN_UNINITIALIZED_AUTOS = YES_AGGRESSIVE;
				GCC_WARN_UNUSED_FUNCTION = YES;
				GCC_WARN_UNUSED_VARIABLE = YES;
				IPHONEOS_DEPLOYMENT_TARGET = 13.1;
				MTL_ENABLE_DEBUG_INFO = INCLUDE_SOURCE;
				MTL_FAST_MATH = YES;
				ONLY_ACTIVE_ARCH = YES;
				SDKROOT = iphoneos;
				SWIFT_ACTIVE_COMPILATION_CONDITIONS = DEBUG;
				SWIFT_OPTIMIZATION_LEVEL = "-Onone";
			};
			name = Debug;
		};
		E0CC6E5F2371146E0009C672 /* Release */ = {
			isa = XCBuildConfiguration;
			buildSettings = {
				ALWAYS_SEARCH_USER_PATHS = NO;
				CLANG_ANALYZER_NONNULL = YES;
				CLANG_ANALYZER_NUMBER_OBJECT_CONVERSION = YES_AGGRESSIVE;
				CLANG_CXX_LANGUAGE_STANDARD = "gnu++14";
				CLANG_CXX_LIBRARY = "libc++";
				CLANG_ENABLE_MODULES = YES;
				CLANG_ENABLE_OBJC_ARC = YES;
				CLANG_ENABLE_OBJC_WEAK = YES;
				CLANG_WARN_BLOCK_CAPTURE_AUTORELEASING = YES;
				CLANG_WARN_BOOL_CONVERSION = YES;
				CLANG_WARN_COMMA = YES;
				CLANG_WARN_CONSTANT_CONVERSION = YES;
				CLANG_WARN_DEPRECATED_OBJC_IMPLEMENTATIONS = YES;
				CLANG_WARN_DIRECT_OBJC_ISA_USAGE = YES_ERROR;
				CLANG_WARN_DOCUMENTATION_COMMENTS = YES;
				CLANG_WARN_EMPTY_BODY = YES;
				CLANG_WARN_ENUM_CONVERSION = YES;
				CLANG_WARN_INFINITE_RECURSION = YES;
				CLANG_WARN_INT_CONVERSION = YES;
				CLANG_WARN_NON_LITERAL_NULL_CONVERSION = YES;
				CLANG_WARN_OBJC_IMPLICIT_RETAIN_SELF = YES;
				CLANG_WARN_OBJC_LITERAL_CONVERSION = YES;
				CLANG_WARN_OBJC_ROOT_CLASS = YES_ERROR;
				CLANG_WARN_RANGE_LOOP_ANALYSIS = YES;
				CLANG_WARN_STRICT_PROTOTYPES = YES;
				CLANG_WARN_SUSPICIOUS_MOVE = YES;
				CLANG_WARN_UNGUARDED_AVAILABILITY = YES_AGGRESSIVE;
				CLANG_WARN_UNREACHABLE_CODE = YES;
				CLANG_WARN__DUPLICATE_METHOD_MATCH = YES;
				COPY_PHASE_STRIP = NO;
				DEBUG_INFORMATION_FORMAT = "dwarf-with-dsym";
				ENABLE_NS_ASSERTIONS = NO;
				ENABLE_STRICT_OBJC_MSGSEND = YES;
				GCC_C_LANGUAGE_STANDARD = gnu11;
				GCC_NO_COMMON_BLOCKS = YES;
				GCC_WARN_64_TO_32_BIT_CONVERSION = YES;
				GCC_WARN_ABOUT_RETURN_TYPE = YES_ERROR;
				GCC_WARN_UNDECLARED_SELECTOR = YES;
				GCC_WARN_UNINITIALIZED_AUTOS = YES_AGGRESSIVE;
				GCC_WARN_UNUSED_FUNCTION = YES;
				GCC_WARN_UNUSED_VARIABLE = YES;
				IPHONEOS_DEPLOYMENT_TARGET = 13.1;
				MTL_ENABLE_DEBUG_INFO = NO;
				MTL_FAST_MATH = YES;
				SDKROOT = iphoneos;
				SWIFT_COMPILATION_MODE = wholemodule;
				SWIFT_OPTIMIZATION_LEVEL = "-O";
				VALIDATE_PRODUCT = YES;
			};
			name = Release;
		};
		E0CC6E612371146E0009C672 /* Debug */ = {
			isa = XCBuildConfiguration;
			buildSettings = {
				ASSETCATALOG_COMPILER_APPICON_NAME = AppIcon;
				CODE_SIGN_STYLE = Automatic;
				DEVELOPMENT_TEAM = 5279V8AMRR;
				INFOPLIST_FILE = SushiNeko/Info.plist;
				LD_RUNPATH_SEARCH_PATHS = (
					"$(inherited)",
					"@executable_path/Frameworks",
				);
				PRODUCT_BUNDLE_IDENTIFIER = com.GonzaloBirrueta.SushiNeko;
				PRODUCT_NAME = "$(TARGET_NAME)";
				SWIFT_VERSION = 5.0;
				TARGETED_DEVICE_FAMILY = "1,2";
			};
			name = Debug;
		};
		E0CC6E622371146E0009C672 /* Release */ = {
			isa = XCBuildConfiguration;
			buildSettings = {
				ASSETCATALOG_COMPILER_APPICON_NAME = AppIcon;
				CODE_SIGN_STYLE = Automatic;
				DEVELOPMENT_TEAM = 5279V8AMRR;
				INFOPLIST_FILE = SushiNeko/Info.plist;
				LD_RUNPATH_SEARCH_PATHS = (
					"$(inherited)",
					"@executable_path/Frameworks",
				);
				PRODUCT_BUNDLE_IDENTIFIER = com.GonzaloBirrueta.SushiNeko;
				PRODUCT_NAME = "$(TARGET_NAME)";
				SWIFT_VERSION = 5.0;
				TARGETED_DEVICE_FAMILY = "1,2";
			};
			name = Release;
		};
/* End XCBuildConfiguration section */

/* Begin XCConfigurationList section */
		E0CC6E432371146A0009C672 /* Build configuration list for PBXProject "SushiNeko" */ = {
			isa = XCConfigurationList;
			buildConfigurations = (
				E0CC6E5E2371146E0009C672 /* Debug */,
				E0CC6E5F2371146E0009C672 /* Release */,
			);
			defaultConfigurationIsVisible = 0;
			defaultConfigurationName = Release;
		};
		E0CC6E602371146E0009C672 /* Build configuration list for PBXNativeTarget "SushiNeko" */ = {
			isa = XCConfigurationList;
			buildConfigurations = (
				E0CC6E612371146E0009C672 /* Debug */,
				E0CC6E622371146E0009C672 /* Release */,
			);
			defaultConfigurationIsVisible = 0;
			defaultConfigurationName = Release;
		};
/* End XCConfigurationList section */
	};
	rootObject = E0CC6E402371146A0009C672 /* Project object */;
}
